{
    "_meta": {
        "hash": {
            "sha256": "faaa354077222fc69a3cc7971c6ff91e706d02a86e3d9386a287397d47e69664"
        },
        "pipfile-spec": 6,
        "requires": {
            "python_version": "3.9"
        },
        "sources": [
            {
                "name": "pypi",
                "url": "https://pypi.org/simple",
                "verify_ssl": true
            }
        ]
    },
    "default": {
        "netaddr": {
            "hashes": [
                "sha256:9666d0232c32d2656e5e5f8d735f58fd6c7457ce52fc21c98d45f2af78f990ac",
                "sha256:d6cc57c7a07b1d9d2e917aa8b36ae8ce61c35ba3fcd1b83ca31c5a0ee2b5a243"
            ],
            "index": "pypi",
            "version": "==0.8.0"
        }
    },
    "develop": {}
}
